
Microsoft Visual Studio Solution File, Format Version 12.00
# Visual Studio 15
Project("{FAE04EC0-301F-11D3-BF4B-00C04F79EFBC}") = "Assembly-CSharp", "Assembly-CSharp.csproj", "{3F9BFA97-D97D-4438-1230-F571CADC1D47}"
EndProject
Project("{FAE04EC0-301F-11D3-BF4B-00C04F79EFBC}") = "Assembly-CSharp-Editor", "Assembly-CSharp-Editor.csproj", "{F95C473E-A4EC-B837-EC2B-73E6223CCCA3}"
EndProject
Global
	GlobalSection(SolutionConfigurationPlatforms) = preSolution
		Debug|Any CPU = Debug|Any CPU
		Release|Any CPU = Release|Any CPU
	EndGlobalSection
	GlobalSection(ProjectConfigurationPlatforms) = postSolution
		{3F9BFA97-D97D-4438-1230-F571CADC1D47}.Debug|Any CPU.ActiveCfg = Debug|Any CPU
		{3F9BFA97-D97D-4438-1230-F571CADC1D47}.Debug|Any CPU.Build.0 = Debug|Any CPU
		{3F9BFA97-D97D-4438-1230-F571CADC1D47}.Release|Any CPU.ActiveCfg = Release|Any CPU
		{3F9BFA97-D97D-4438-1230-F571CADC1D47}.Release|Any CPU.Build.0 = Release|Any CPU
		{F95C473E-A4EC-B837-EC2B-73E6223CCCA3}.Debug|Any CPU.ActiveCfg = Debug|Any CPU
		{F95C473E-A4EC-B837-EC2B-73E6223CCCA3}.Debug|Any CPU.Build.0 = Debug|Any CPU
		{F95C473E-A4EC-B837-EC2B-73E6223CCCA3}.Release|Any CPU.ActiveCfg = Release|Any CPU
		{F95C473E-A4EC-B837-EC2B-73E6223CCCA3}.Release|Any CPU.Build.0 = Release|Any CPU
	EndGlobalSection
	GlobalSection(SolutionProperties) = preSolution
		HideSolutionNode = FALSE
	EndGlobalSection
EndGlobal
